
Microsoft Visual Studio Solution File, Format Version 12.00
# Visual Studio Version 16
VisualStudioVersion = 25.0.1706.12
MinimumVisualStudioVersion = 10.0.40219.1
Project("{FAE04EC0-301F-11D3-BF4B-00C04F79EFBC}") = "testning11", "testning11.csproj", "{C9C825BF-9CE6-495F-AD18-85BEF152BA43}"
EndProject
Global
	GlobalSection(SolutionConfigurationPlatforms) = preSolution
		Debug|Any CPU = Debug|Any CPU
		Release|Any CPU = Release|Any CPU
	EndGlobalSection
	GlobalSection(ProjectConfigurationPlatforms) = postSolution
		{C9C825BF-9CE6-495F-AD18-85BEF152BA43}.Debug|Any CPU.ActiveCfg = Debug|Any CPU
		{C9C825BF-9CE6-495F-AD18-85BEF152BA43}.Debug|Any CPU.Build.0 = Debug|Any CPU
		{C9C825BF-9CE6-495F-AD18-85BEF152BA43}.Release|Any CPU.ActiveCfg = Release|Any CPU
		{C9C825BF-9CE6-495F-AD18-85BEF152BA43}.Release|Any CPU.Build.0 = Release|Any CPU
	EndGlobalSection
	GlobalSection(SolutionProperties) = preSolution
		HideSolutionNode = FALSE
	EndGlobalSection
	GlobalSection(ExtensibilityGlobals) = postSolution
		SolutionGuid = {E578AC8C-47E7-4295-B44F-64D87D7E54A5}
	EndGlobalSection
EndGlobal
